
Microsoft Visual Studio Solution File, Format Version 12.00
# Visual Studio Version 17
VisualStudioVersion = 17.7.34031.279
MinimumVisualStudioVersion = 10.0.40219.1
Project("{2150E333-8FDC-42A3-9474-1A3956D46DE8}") = "src", "src", "{65D216BB-3762-4286-985C-182BC2161B5C}"
EndProject
Project("{FAE04EC0-301F-11D3-BF4B-00C04F79EFBC}") = "Hospital.Core", "src\Hospital.Core\Hospital.Core.csproj", "{B9A80077-876B-4B89-817F-C60381669D94}"
EndProject
Project("{FAE04EC0-301F-11D3-BF4B-00C04F79EFBC}") = "Hospital.Data", "src\Hospital.Data\Hospital.Data.csproj", "{17614F13-F66E-4DBF-BA92-2D1105E72E94}"
EndProject
Project("{FAE04EC0-301F-11D3-BF4B-00C04F79EFBC}") = "Hospital.Business", "src\Hospital.Business\Hospital.Business.csproj", "{350F1BB0-0CBD-4AC3-9E87-BF484509B3CA}"
EndProject
Project("{FAE04EC0-301F-11D3-BF4B-00C04F79EFBC}") = "Hospital.MVC", "src\Hospital.MVC\Hospital.MVC.csproj", "{558EC0B5-04D8-4F25-A325-EC3496F7EC5B}"
EndProject
Global
	GlobalSection(SolutionConfigurationPlatforms) = preSolution
		Debug|Any CPU = Debug|Any CPU
		Release|Any CPU = Release|Any CPU
	EndGlobalSection
	GlobalSection(ProjectConfigurationPlatforms) = postSolution
		{B9A80077-876B-4B89-817F-C60381669D94}.Debug|Any CPU.ActiveCfg = Debug|Any CPU
		{B9A80077-876B-4B89-817F-C60381669D94}.Debug|Any CPU.Build.0 = Debug|Any CPU
		{B9A80077-876B-4B89-817F-C60381669D94}.Release|Any CPU.ActiveCfg = Release|Any CPU
		{B9A80077-876B-4B89-817F-C60381669D94}.Release|Any CPU.Build.0 = Release|Any CPU
		{17614F13-F66E-4DBF-BA92-2D1105E72E94}.Debug|Any CPU.ActiveCfg = Debug|Any CPU
		{17614F13-F66E-4DBF-BA92-2D1105E72E94}.Debug|Any CPU.Build.0 = Debug|Any CPU
		{17614F13-F66E-4DBF-BA92-2D1105E72E94}.Release|Any CPU.ActiveCfg = Release|Any CPU
		{17614F13-F66E-4DBF-BA92-2D1105E72E94}.Release|Any CPU.Build.0 = Release|Any CPU
		{350F1BB0-0CBD-4AC3-9E87-BF484509B3CA}.Debug|Any CPU.ActiveCfg = Debug|Any CPU
		{350F1BB0-0CBD-4AC3-9E87-BF484509B3CA}.Debug|Any CPU.Build.0 = Debug|Any CPU
		{350F1BB0-0CBD-4AC3-9E87-BF484509B3CA}.Release|Any CPU.ActiveCfg = Release|Any CPU
		{350F1BB0-0CBD-4AC3-9E87-BF484509B3CA}.Release|Any CPU.Build.0 = Release|Any CPU
		{558EC0B5-04D8-4F25-A325-EC3496F7EC5B}.Debug|Any CPU.ActiveCfg = Debug|Any CPU
		{558EC0B5-04D8-4F25-A325-EC3496F7EC5B}.Debug|Any CPU.Build.0 = Debug|Any CPU
		{558EC0B5-04D8-4F25-A325-EC3496F7EC5B}.Release|Any CPU.ActiveCfg = Release|Any CPU
		{558EC0B5-04D8-4F25-A325-EC3496F7EC5B}.Release|Any CPU.Build.0 = Release|Any CPU
	EndGlobalSection
	GlobalSection(SolutionProperties) = preSolution
		HideSolutionNode = FALSE
	EndGlobalSection
	GlobalSection(NestedProjects) = preSolution
		{B9A80077-876B-4B89-817F-C60381669D94} = {65D216BB-3762-4286-985C-182BC2161B5C}
		{17614F13-F66E-4DBF-BA92-2D1105E72E94} = {65D216BB-3762-4286-985C-182BC2161B5C}
		{350F1BB0-0CBD-4AC3-9E87-BF484509B3CA} = {65D216BB-3762-4286-985C-182BC2161B5C}
		{558EC0B5-04D8-4F25-A325-EC3496F7EC5B} = {65D216BB-3762-4286-985C-182BC2161B5C}
	EndGlobalSection
	GlobalSection(ExtensibilityGlobals) = postSolution
		SolutionGuid = {9231B1C4-1243-4BC5-AD7F-F612D82F7B71}
	EndGlobalSection
EndGlobal
